
Microsoft Visual Studio Solution File, Format Version 12.00
# Visual Studio Version 17
VisualStudioVersion = 17.14.36915.13 d17.14
MinimumVisualStudioVersion = 10.0.40219.1
Project("{FAE04EC0-301F-11D3-BF4B-00C04F79EFBC}") = "Refactoring101", "Refactoring101\Refactoring101.csproj", "{14A981DD-E7D8-4A32-B191-AEEF72299A15}"
EndProject
Global
	GlobalSection(SolutionConfigurationPlatforms) = preSolution
		Debug|Any CPU = Debug|Any CPU
		Release|Any CPU = Release|Any CPU
	EndGlobalSection
	GlobalSection(ProjectConfigurationPlatforms) = postSolution
		{14A981DD-E7D8-4A32-B191-AEEF72299A15}.Debug|Any CPU.ActiveCfg = Debug|Any CPU
		{14A981DD-E7D8-4A32-B191-AEEF72299A15}.Debug|Any CPU.Build.0 = Debug|Any CPU
		{14A981DD-E7D8-4A32-B191-AEEF72299A15}.Release|Any CPU.ActiveCfg = Release|Any CPU
		{14A981DD-E7D8-4A32-B191-AEEF72299A15}.Release|Any CPU.Build.0 = Release|Any CPU
	EndGlobalSection
	GlobalSection(SolutionProperties) = preSolution
		HideSolutionNode = FALSE
	EndGlobalSection
	GlobalSection(ExtensibilityGlobals) = postSolution
		SolutionGuid = {A2F6CBA1-12B8-4A27-996E-56CB09147B2F}
	EndGlobalSection
EndGlobal
